
Microsoft Visual Studio Solution File, Format Version 12.00
# Visual Studio Version 16
VisualStudioVersion = 16.0.29418.71
MinimumVisualStudioVersion = 10.0.40219.1
Project("{FAE04EC0-301F-11D3-BF4B-00C04F79EFBC}") = "Gestmove", "Gestmove.csproj", "{373B9128-F4B3-4A30-B98F-07E3C35F9733}"
EndProject
Global
	GlobalSection(SolutionConfigurationPlatforms) = preSolution
		Debug|Any CPU = Debug|Any CPU
		Release|Any CPU = Release|Any CPU
	EndGlobalSection
	GlobalSection(ProjectConfigurationPlatforms) = postSolution
		{373B9128-F4B3-4A30-B98F-07E3C35F9733}.Debug|Any CPU.ActiveCfg = Debug|Any CPU
		{373B9128-F4B3-4A30-B98F-07E3C35F9733}.Debug|Any CPU.Build.0 = Debug|Any CPU
		{373B9128-F4B3-4A30-B98F-07E3C35F9733}.Release|Any CPU.ActiveCfg = Release|Any CPU
		{373B9128-F4B3-4A30-B98F-07E3C35F9733}.Release|Any CPU.Build.0 = Release|Any CPU
	EndGlobalSection
	GlobalSection(SolutionProperties) = preSolution
		HideSolutionNode = FALSE
	EndGlobalSection
	GlobalSection(ExtensibilityGlobals) = postSolution
		SolutionGuid = {8E6A625C-C92D-40EF-B38E-805E713B8045}
	EndGlobalSection
EndGlobal
